// !$*UTF8*$!
{
	archiveVersion = 1;
	classes = {
	};
	objectVersion = 50;
	objects = {

/* Begin PBXBuildFile section */
		45C04D2121A1A00F00CF6D40 /* BoxAdjustViewController.swift in Sources */ = {isa = PBXBuildFile; fileRef = 45C04D2021A1A00F00CF6D40 /* BoxAdjustViewController.swift */; };
		45D15D75219882AF00603215 /* AppDelegate.swift in Sources */ = {isa = PBXBuildFile; fileRef = 45D15D74219882AF00603215 /* AppDelegate.swift */; };
		45D15D79219882AF00603215 /* ViewController.swift in Sources */ = {isa = PBXBuildFile; fileRef = 45D15D78219882AF00603215 /* ViewController.swift */; };
		45D15D7C219882AF00603215 /* Main.storyboard in Resources */ = {isa = PBXBuildFile; fileRef = 45D15D7A219882AF00603215 /* Main.storyboard */; };
		45D15D7E219882B000603215 /* Assets.xcassets in Resources */ = {isa = PBXBuildFile; fileRef = 45D15D7D219882B000603215 /* Assets.xcassets */; };
		45D15D81219882B000603215 /* LaunchScreen.storyboard in Resources */ = {isa = PBXBuildFile; fileRef = 45D15D7F219882B000603215 /* LaunchScreen.storyboard */; };
		C75C68FDF9BB438E584A6C33 /* Pods_AR_Puzzle_Helper.framework in Frameworks */ = {isa = PBXBuildFile; fileRef = 9C98264E97B9D74FC1BEF38E /* Pods_AR_Puzzle_Helper.framework */; };
/* End PBXBuildFile section */

/* Begin PBXFileReference section */
		45C04D2021A1A00F00CF6D40 /* BoxAdjustViewController.swift */ = {isa = PBXFileReference; lastKnownFileType = sourcecode.swift; path = BoxAdjustViewController.swift; sourceTree = "<group>"; };
		45D15D71219882AF00603215 /* AR Puzzle Helper.app */ = {isa = PBXFileReference; explicitFileType = wrapper.application; includeInIndex = 0; path = "AR Puzzle Helper.app"; sourceTree = BUILT_PRODUCTS_DIR; };
		45D15D74219882AF00603215 /* AppDelegate.swift */ = {isa = PBXFileReference; lastKnownFileType = sourcecode.swift; path = AppDelegate.swift; sourceTree = "<group>"; };
		45D15D78219882AF00603215 /* ViewController.swift */ = {isa = PBXFileReference; lastKnownFileType = sourcecode.swift; path = ViewController.swift; sourceTree = "<group>"; };
		45D15D7B219882AF00603215 /* Base */ = {isa = PBXFileReference; lastKnownFileType = file.storyboard; name = Base; path = Base.lproj/Main.storyboard; sourceTree = "<group>"; };
		45D15D7D219882B000603215 /* Assets.xcassets */ = {isa = PBXFileReference; lastKnownFileType = folder.assetcatalog; path = Assets.xcassets; sourceTree = "<group>"; };
		45D15D80219882B000603215 /* Base */ = {isa = PBXFileReference; lastKnownFileType = file.storyboard; name = Base; path = Base.lproj/LaunchScreen.storyboard; sourceTree = "<group>"; };
		45D15D82219882B000603215 /* Info.plist */ = {isa = PBXFileReference; lastKnownFileType = text.plist.xml; path = Info.plist; sourceTree = "<group>"; };
		9C98264E97B9D74FC1BEF38E /* Pods_AR_Puzzle_Helper.framework */ = {isa = PBXFileReference; explicitFileType = wrapper.framework; includeInIndex = 0; path = Pods_AR_Puzzle_Helper.framework; sourceTree = BUILT_PRODUCTS_DIR; };
		AAC8482A69EE6C55B34CC86C /* Pods-AR Puzzle Helper.release.xcconfig */ = {isa = PBXFileReference; includeInIndex = 1; lastKnownFileType = text.xcconfig; name = "Pods-AR Puzzle Helper.release.xcconfig"; path = "Pods/Target Support Files/Pods-AR Puzzle Helper/Pods-AR Puzzle Helper.release.xcconfig"; sourceTree = "<group>"; };
		CEB70EE1888F4C41947C1D46 /* Pods-AR Puzzle Helper.debug.xcconfig */ = {isa = PBXFileReference; includeInIndex = 1; lastKnownFileType = text.xcconfig; name = "Pods-AR Puzzle Helper.debug.xcconfig"; path = "Pods/Target Support Files/Pods-AR Puzzle Helper/Pods-AR Puzzle Helper.debug.xcconfig"; sourceTree = "<group>"; };
/* End PBXFileReference section */

/* Begin PBXFrameworksBuildPhase section */
		45D15D6E219882AF00603215 /* Frameworks */ = {
			isa = PBXFrameworksBuildPhase;
			buildActionMask = 2147483647;
			files = (
				C75C68FDF9BB438E584A6C33 /* Pods_AR_Puzzle_Helper.framework in Frameworks */,
			);
			runOnlyForDeploymentPostprocessing = 0;
		};
/* End PBXFrameworksBuildPhase section */

/* Begin PBXGroup section */
		3160B3A0DF464EFFA7FD99CB /* Frameworks */ = {
			isa = PBXGroup;
			children = (
				9C98264E97B9D74FC1BEF38E /* Pods_AR_Puzzle_Helper.framework */,
			);
			name = Frameworks;
			sourceTree = "<group>";
		};
		45D15D68219882AF00603215 = {
			isa = PBXGroup;
			children = (
				45D15D73219882AF00603215 /* AR Puzzle Helper */,
				45D15D72219882AF00603215 /* Products */,
				F8D7741C530A8255072DBCB7 /* Pods */,
				3160B3A0DF464EFFA7FD99CB /* Frameworks */,
			);
			sourceTree = "<group>";
		};
		45D15D72219882AF00603215 /* Products */ = {
			isa = PBXGroup;
			children = (
				45D15D71219882AF00603215 /* AR Puzzle Helper.app */,
			);
			name = Products;
			sourceTree = "<group>";
		};
		45D15D73219882AF00603215 /* AR Puzzle Helper */ = {
			isa = PBXGroup;
			children = (
				45D15D74219882AF00603215 /* AppDelegate.swift */,
				45D15D78219882AF00603215 /* ViewController.swift */,
				45D15D7A219882AF00603215 /* Main.storyboard */,
				45D15D7D219882B000603215 /* Assets.xcassets */,
				45D15D7F219882B000603215 /* LaunchScreen.storyboard */,
				45D15D82219882B000603215 /* Info.plist */,
				45C04D2021A1A00F00CF6D40 /* BoxAdjustViewController.swift */,
			);
			path = "AR Puzzle Helper";
			sourceTree = "<group>";
		};
		F8D7741C530A8255072DBCB7 /* Pods */ = {
			isa = PBXGroup;
			children = (
				CEB70EE1888F4C41947C1D46 /* Pods-AR Puzzle Helper.debug.xcconfig */,
				AAC8482A69EE6C55B34CC86C /* Pods-AR Puzzle Helper.release.xcconfig */,
			);
			name = Pods;
			sourceTree = "<group>";
		};
/* End PBXGroup section */

/* Begin PBXNativeTarget section */
		45D15D70219882AF00603215 /* AR Puzzle Helper */ = {
			isa = PBXNativeTarget;
			buildConfigurationList = 45D15D85219882B000603215 /* Build configuration list for PBXNativeTarget "AR Puzzle Helper" */;
			buildPhases = (
				5E9E2987A25CD7E550595033 /* [CP] Check Pods Manifest.lock */,
				45D15D6D219882AF00603215 /* Sources */,
				45D15D6E219882AF00603215 /* Frameworks */,
				45D15D6F219882AF00603215 /* Resources */,
				45A8313521AAE68500F1A03D /* ShellScript */,
			);
			buildRules = (
			);
			dependencies = (
			);
			name = "AR Puzzle Helper";
			productName = "AR Puzzle Helper";
			productReference = 45D15D71219882AF00603215 /* AR Puzzle Helper.app */;
			productType = "com.apple.product-type.application";
		};
/* End PBXNativeTarget section */

/* Begin PBXProject section */
		45D15D69219882AF00603215 /* Project object */ = {
			isa = PBXProject;
			attributes = {
				LastSwiftUpdateCheck = 1010;
				LastUpgradeCheck = 1010;
				ORGANIZATIONNAME = "Benjamin Kindle";
				TargetAttributes = {
					45D15D70219882AF00603215 = {
						CreatedOnToolsVersion = 10.1;
					};
				};
			};
			buildConfigurationList = 45D15D6C219882AF00603215 /* Build configuration list for PBXProject "AR Puzzle Helper" */;
			compatibilityVersion = "Xcode 9.3";
			developmentRegion = en;
			hasScannedForEncodings = 0;
			knownRegions = (
				en,
				Base,
			);
			mainGroup = 45D15D68219882AF00603215;
			productRefGroup = 45D15D72219882AF00603215 /* Products */;
			projectDirPath = "";
			projectRoot = "";
			targets = (
				45D15D70219882AF00603215 /* AR Puzzle Helper */,
			);
		};
/* End PBXProject section */

/* Begin PBXResourcesBuildPhase section */
		45D15D6F219882AF00603215 /* Resources */ = {
			isa = PBXResourcesBuildPhase;
			buildActionMask = 2147483647;
			files = (
				45D15D81219882B000603215 /* LaunchScreen.storyboard in Resources */,
				45D15D7E219882B000603215 /* Assets.xcassets in Resources */,
				45D15D7C219882AF00603215 /* Main.storyboard in Resources */,
			);
			runOnlyForDeploymentPostprocessing = 0;
		};
/* End PBXResourcesBuildPhase section */

/* Begin PBXShellScriptBuildPhase section */
		45A8313521AAE68500F1A03D /* ShellScript */ = {
			isa = PBXShellScriptBuildPhase;
			buildActionMask = 2147483647;
			files = (
			);
			inputFileListPaths = (
			);
			inputPaths = (
			);
			outputFileListPaths = (
			);
			outputPaths = (
			);
			runOnlyForDeploymentPostprocessing = 0;
			shellPath = /bin/sh;
			shellScript = "\"${PODS_ROOT}/SwiftLint/swiftlint\"\n";
		};
		5E9E2987A25CD7E550595033 /* [CP] Check Pods Manifest.lock */ = {
			isa = PBXShellScriptBuildPhase;
			buildActionMask = 2147483647;
			files = (
			);
			inputPaths = (
				"${PODS_PODFILE_DIR_PATH}/Podfile.lock",
				"${PODS_ROOT}/Manifest.lock",
			);
			name = "[CP] Check Pods Manifest.lock";
			outputPaths = (
				"$(DERIVED_FILE_DIR)/Pods-AR Puzzle Helper-checkManifestLockResult.txt",
			);
			runOnlyForDeploymentPostprocessing = 0;
			shellPath = /bin/sh;
			shellScript = "diff \"${PODS_PODFILE_DIR_PATH}/Podfile.lock\" \"${PODS_ROOT}/Manifest.lock\" > /dev/null\nif [ $? != 0 ] ; then\n    # print error to STDERR\n    echo \"error: The sandbox is not in sync with the Podfile.lock. Run 'pod install' or update your CocoaPods installation.\" >&2\n    exit 1\nfi\n# This output is used by Xcode 'outputs' to avoid re-running this script phase.\necho \"SUCCESS\" > \"${SCRIPT_OUTPUT_FILE_0}\"\n";
			showEnvVarsInLog = 0;
		};
/* End PBXShellScriptBuildPhase section */

/* Begin PBXSourcesBuildPhase section */
		45D15D6D219882AF00603215 /* Sources */ = {
			isa = PBXSourcesBuildPhase;
			buildActionMask = 2147483647;
			files = (
				45C04D2121A1A00F00CF6D40 /* BoxAdjustViewController.swift in Sources */,
				45D15D79219882AF00603215 /* ViewController.swift in Sources */,
				45D15D75219882AF00603215 /* AppDelegate.swift in Sources */,
			);
			runOnlyForDeploymentPostprocessing = 0;
		};
/* End PBXSourcesBuildPhase section */

/* Begin PBXVariantGroup section */
		45D15D7A219882AF00603215 /* Main.storyboard */ = {
			isa = PBXVariantGroup;
			children = (
				45D15D7B219882AF00603215 /* Base */,
			);
			name = Main.storyboard;
			sourceTree = "<group>";
		};
		45D15D7F219882B000603215 /* LaunchScreen.storyboard */ = {
			isa = PBXVariantGroup;
			children = (
				45D15D80219882B000603215 /* Base */,
			);
			name = LaunchScreen.storyboard;
			sourceTree = "<group>";
		};
/* End PBXVariantGroup section */

/* Begin XCBuildConfiguration section */
		45D15D83219882B000603215 /* Debug */ = {
			isa = XCBuildConfiguration;
			buildSettings = {
				ALWAYS_SEARCH_USER_PATHS = NO;
				CLANG_ANALYZER_NONNULL = YES;
				CLANG_ANALYZER_NUMBER_OBJECT_CONVERSION = YES_AGGRESSIVE;
				CLANG_CXX_LANGUAGE_STANDARD = "gnu++14";
				CLANG_CXX_LIBRARY = "libc++";
				CLANG_ENABLE_MODULES = YES;
				CLANG_ENABLE_OBJC_ARC = YES;
				CLANG_ENABLE_OBJC_WEAK = YES;
				CLANG_WARN_BLOCK_CAPTURE_AUTORELEASING = YES;
				CLANG_WARN_BOOL_CONVERSION = YES;
				CLANG_WARN_COMMA = YES;
				CLANG_WARN_CONSTANT_CONVERSION = YES;
				CLANG_WARN_DEPRECATED_OBJC_IMPLEMENTATIONS = YES;
				CLANG_WARN_DIRECT_OBJC_ISA_USAGE = YES_ERROR;
				CLANG_WARN_DOCUMENTATION_COMMENTS = YES;
				CLANG_WARN_EMPTY_BODY = YES;
				CLANG_WARN_ENUM_CONVERSION = YES;
				CLANG_WARN_INFINITE_RECURSION = YES;
				CLANG_WARN_INT_CONVERSION = YES;
				CLANG_WARN_NON_LITERAL_NULL_CONVERSION = YES;
				CLANG_WARN_OBJC_IMPLICIT_RETAIN_SELF = YES;
				CLANG_WARN_OBJC_LITERAL_CONVERSION = YES;
				CLANG_WARN_OBJC_ROOT_CLASS = YES_ERROR;
				CLANG_WARN_RANGE_LOOP_ANALYSIS = YES;
				CLANG_WARN_STRICT_PROTOTYPES = YES;
				CLANG_WARN_SUSPICIOUS_MOVE = YES;
				CLANG_WARN_UNGUARDED_AVAILABILITY = YES_AGGRESSIVE;
				CLANG_WARN_UNREACHABLE_CODE = YES;
				CLANG_WARN__DUPLICATE_METHOD_MATCH = YES;
				CODE_SIGN_IDENTITY = "iPhone Developer";
				COPY_PHASE_STRIP = NO;
				DEBUG_INFORMATION_FORMAT = dwarf;
				ENABLE_STRICT_OBJC_MSGSEND = YES;
				ENABLE_TESTABILITY = YES;
				GCC_C_LANGUAGE_STANDARD = gnu11;
				GCC_DYNAMIC_NO_PIC = NO;
				GCC_NO_COMMON_BLOCKS = YES;
				GCC_OPTIMIZATION_LEVEL = 0;
				GCC_PREPROCESSOR_DEFINITIONS = (
					"DEBUG=1",
					"$(inherited)",
				);
				GCC_WARN_64_TO_32_BIT_CONVERSION = YES;
				GCC_WARN_ABOUT_RETURN_TYPE = YES_ERROR;
				GCC_WARN_UNDECLARED_SELECTOR = YES;
				GCC_WARN_UNINITIALIZED_AUTOS = YES_AGGRESSIVE;
				GCC_WARN_UNUSED_FUNCTION = YES;
				GCC_WARN_UNUSED_VARIABLE = YES;
				IPHONEOS_DEPLOYMENT_TARGET = 12.1;
				MTL_ENABLE_DEBUG_INFO = INCLUDE_SOURCE;
				MTL_FAST_MATH = YES;
				ONLY_ACTIVE_ARCH = YES;
				SDKROOT = iphoneos;
				SWIFT_ACTIVE_COMPILATION_CONDITIONS = DEBUG;
				SWIFT_OPTIMIZATION_LEVEL = "-Onone";
			};
			name = Debug;
		};
		45D15D84219882B000603215 /* Release */ = {
			isa = XCBuildConfiguration;
			buildSettings = {
				ALWAYS_SEARCH_USER_PATHS = NO;
				CLANG_ANALYZER_NONNULL = YES;
				CLANG_ANALYZER_NUMBER_OBJECT_CONVERSION = YES_AGGRESSIVE;
				CLANG_CXX_LANGUAGE_STANDARD = "gnu++14";
				CLANG_CXX_LIBRARY = "libc++";
				CLANG_ENABLE_MODULES = YES;
				CLANG_ENABLE_OBJC_ARC = YES;
				CLANG_ENABLE_OBJC_WEAK = YES;
				CLANG_WARN_BLOCK_CAPTURE_AUTORELEASING = YES;
				CLANG_WARN_BOOL_CONVERSION = YES;
				CLANG_WARN_COMMA = YES;
				CLANG_WARN_CONSTANT_CONVERSION = YES;
				CLANG_WARN_DEPRECATED_OBJC_IMPLEMENTATIONS = YES;
				CLANG_WARN_DIRECT_OBJC_ISA_USAGE = YES_ERROR;
				CLANG_WARN_DOCUMENTATION_COMMENTS = YES;
				CLANG_WARN_EMPTY_BODY = YES;
				CLANG_WARN_ENUM_CONVERSION = YES;
				CLANG_WARN_INFINITE_RECURSION = YES;
				CLANG_WARN_INT_CONVERSION = YES;
				CLANG_WARN_NON_LITERAL_NULL_CONVERSION = YES;
				CLANG_WARN_OBJC_IMPLICIT_RETAIN_SELF = YES;
				CLANG_WARN_OBJC_LITERAL_CONVERSION = YES;
				CLANG_WARN_OBJC_ROOT_CLASS = YES_ERROR;
				CLANG_WARN_RANGE_LOOP_ANALYSIS = YES;
				CLANG_WARN_STRICT_PROTOTYPES = YES;
				CLANG_WARN_SUSPICIOUS_MOVE = YES;
				CLANG_WARN_UNGUARDED_AVAILABILITY = YES_AGGRESSIVE;
				CLANG_WARN_UNREACHABLE_CODE = YES;
				CLANG_WARN__DUPLICATE_METHOD_MATCH = YES;
				CODE_SIGN_IDENTITY = "iPhone Developer";
				COPY_PHASE_STRIP = NO;
				DEBUG_INFORMATION_FORMAT = "dwarf-with-dsym";
				ENABLE_NS_ASSERTIONS = NO;
				ENABLE_STRICT_OBJC_MSGSEND = YES;
				GCC_C_LANGUAGE_STANDARD = gnu11;
				GCC_NO_COMMON_BLOCKS = YES;
				GCC_WARN_64_TO_32_BIT_CONVERSION = YES;
				GCC_WARN_ABOUT_RETURN_TYPE = YES_ERROR;
				GCC_WARN_UNDECLARED_SELECTOR = YES;
				GCC_WARN_UNINITIALIZED_AUTOS = YES_AGGRESSIVE;
				GCC_WARN_UNUSED_FUNCTION = YES;
				GCC_WARN_UNUSED_VARIABLE = YES;
				IPHONEOS_DEPLOYMENT_TARGET = 12.1;
				MTL_ENABLE_DEBUG_INFO = NO;
				MTL_FAST_MATH = YES;
				SDKROOT = iphoneos;
				SWIFT_COMPILATION_MODE = wholemodule;
				SWIFT_OPTIMIZATION_LEVEL = "-O";
				VALIDATE_PRODUCT = YES;
			};
			name = Release;
		};
		45D15D86219882B000603215 /* Debug */ = {
			isa = XCBuildConfiguration;
			baseConfigurationReference = CEB70EE1888F4C41947C1D46 /* Pods-AR Puzzle Helper.debug.xcconfig */;
			buildSettings = {
				ASSETCATALOG_COMPILER_APPICON_NAME = AppIcon;
				CODE_SIGN_STYLE = Automatic;
				DEVELOPMENT_TEAM = Z6E4CU9G46;
				INFOPLIST_FILE = "AR Puzzle Helper/Info.plist";
				LD_RUNPATH_SEARCH_PATHS = (
					"$(inherited)",
					"@executable_path/Frameworks",
				);
				PRODUCT_BUNDLE_IDENTIFIER = "literalpie.AR-Puzzle-Helper";
				PRODUCT_NAME = "$(TARGET_NAME)";
				SWIFT_VERSION = 4.2;
				TARGETED_DEVICE_FAMILY = "1,2";
			};
			name = Debug;
		};
		45D15D87219882B000603215 /* Release */ = {
			isa = XCBuildConfiguration;
			baseConfigurationReference = AAC8482A69EE6C55B34CC86C /* Pods-AR Puzzle Helper.release.xcconfig */;
			buildSettings = {
				ASSETCATALOG_COMPILER_APPICON_NAME = AppIcon;
				CODE_SIGN_STYLE = Automatic;
				DEVELOPMENT_TEAM = Z6E4CU9G46;
				INFOPLIST_FILE = "AR Puzzle Helper/Info.plist";
				LD_RUNPATH_SEARCH_PATHS = (
					"$(inherited)",
					"@executable_path/Frameworks",
				);
				PRODUCT_BUNDLE_IDENTIFIER = "literalpie.AR-Puzzle-Helper";
				PRODUCT_NAME = "$(TARGET_NAME)";
				SWIFT_VERSION = 4.2;
				TARGETED_DEVICE_FAMILY = "1,2";
			};
			name = Release;
		};
/* End XCBuildConfiguration section */

/* Begin XCConfigurationList section */
		45D15D6C219882AF00603215 /* Build configuration list for PBXProject "AR Puzzle Helper" */ = {
			isa = XCConfigurationList;
			buildConfigurations = (
				45D15D83219882B000603215 /* Debug */,
				45D15D84219882B000603215 /* Release */,
			);
			defaultConfigurationIsVisible = 0;
			defaultConfigurationName = Release;
		};
		45D15D85219882B000603215 /* Build configuration list for PBXNativeTarget "AR Puzzle Helper" */ = {
			isa = XCConfigurationList;
			buildConfigurations = (
				45D15D86219882B000603215 /* Debug */,
				45D15D87219882B000603215 /* Release */,
			);
			defaultConfigurationIsVisible = 0;
			defaultConfigurationName = Release;
		};
/* End XCConfigurationList section */
	};
	rootObject = 45D15D69219882AF00603215 /* Project object */;
}
